{
  "version": 4,
  "terraform_version": "1.6.2",
  "serial": 8,
  "lineage": "1a74960d-2fb2-af31-dacc-bd00c8d200a3",
  "outputs": {},
  "resources": [
    {
      "mode": "managed",
      "type": "google_compute_network",
      "name": "vpc_network",
      "provider": "provider[\"registry.terraform.io/hashicorp/google\"]",
      "instances": [
        {
          "schema_version": 0,
          "attributes": {
            "auto_create_subnetworks": false,
            "delete_default_routes_on_create": false,
            "description": "",
            "enable_ula_internal_ipv6": false,
            "gateway_ipv4": "",
            "id": "projects/wasp-wallet/global/networks/waspwallets-vpc",
            "internal_ipv6_range": "",
            "mtu": 0,
            "name": "waspwallets-vpc",
            "network_firewall_policy_enforcement_order": "AFTER_CLASSIC_FIREWALL",
            "project": "wasp-wallet",
            "routing_mode": "REGIONAL",
            "self_link": "https://www.googleapis.com/compute/v1/projects/wasp-wallet/global/networks/waspwallets-vpc",
            "timeouts": null
          },
          "sensitive_attributes": [],
          "private": "eyJlMmJmYjczMC1lY2FhLTExZTYtOGY4OC0zNDM2M2JjN2M0YzAiOnsiY3JlYXRlIjoxMjAwMDAwMDAwMDAwLCJkZWxldGUiOjEyMDAwMDAwMDAwMDAsInVwZGF0ZSI6MTIwMDAwMDAwMDAwMH19"
        }
      ]
    },
    {
      "mode": "managed",
      "type": "google_compute_subnetwork",
      "name": "subnet",
      "provider": "provider[\"registry.terraform.io/hashicorp/google\"]",
      "instances": [
        {
          "schema_version": 0,
          "attributes": {
            "creation_timestamp": "2024-08-10T10:45:37.235-07:00",
            "description": "",
            "external_ipv6_prefix": "",
            "fingerprint": null,
            "gateway_address": "10.0.0.1",
            "id": "projects/wasp-wallet/regions/us-central1/subnetworks/waspwallets-subnet",
            "internal_ipv6_prefix": "",
            "ip_cidr_range": "10.0.0.0/24",
            "ipv6_access_type": "",
            "ipv6_cidr_range": "",
            "log_config": [],
            "name": "waspwallets-subnet",
            "network": "https://www.googleapis.com/compute/v1/projects/wasp-wallet/global/networks/waspwallets-vpc",
            "private_ip_google_access": true,
            "private_ipv6_google_access": "DISABLE_GOOGLE_ACCESS",
            "project": "wasp-wallet",
            "purpose": "PRIVATE",
            "region": "us-central1",
            "role": "",
            "secondary_ip_range": [
              {
                "ip_cidr_range": "10.163.0.0/16",
                "range_name": "gke-waspwallets-cluster-pods-266c5e7b"
              }
            ],
            "self_link": "https://www.googleapis.com/compute/v1/projects/wasp-wallet/regions/us-central1/subnetworks/waspwallets-subnet",
            "stack_type": "IPV4_ONLY",
            "timeouts": null
          },
          "sensitive_attributes": [],
          "private": "eyJlMmJmYjczMC1lY2FhLTExZTYtOGY4OC0zNDM2M2JjN2M0YzAiOnsiY3JlYXRlIjoxMjAwMDAwMDAwMDAwLCJkZWxldGUiOjEyMDAwMDAwMDAwMDAsInVwZGF0ZSI6MTIwMDAwMDAwMDAwMH19",
          "dependencies": [
            "google_compute_network.vpc_network"
          ]
        }
      ]
    },
    {
      "mode": "managed",
      "type": "google_container_cluster",
      "name": "waspwallets_cluster",
      "provider": "provider[\"registry.terraform.io/hashicorp/google\"]",
      "instances": [
        {
          "schema_version": 1,
          "attributes": {
            "addons_config": [
              {
                "cloudrun_config": [],
                "config_connector_config": [],
                "dns_cache_config": [],
                "gce_persistent_disk_csi_driver_config": [
                  {
                    "enabled": true
                  }
                ],
                "gcp_filestore_csi_driver_config": [],
                "gcs_fuse_csi_driver_config": [],
                "gke_backup_agent_config": [],
                "horizontal_pod_autoscaling": [],
                "http_load_balancing": [],
                "network_policy_config": [
                  {
                    "disabled": true
                  }
                ]
              }
            ],
            "allow_net_admin": null,
            "authenticator_groups_config": [],
            "binary_authorization": [
              {
                "enabled": false,
                "evaluation_mode": ""
              }
            ],
            "cluster_autoscaling": [
              {
                "auto_provisioning_defaults": [],
                "enabled": false,
                "resource_limits": []
              }
            ],
            "cluster_ipv4_cidr": "10.163.0.0/16",
            "confidential_nodes": [],
            "cost_management_config": [],
            "database_encryption": [
              {
                "key_name": "",
                "state": "DECRYPTED"
              }
            ],
            "datapath_provider": "",
            "default_max_pods_per_node": 110,
            "default_snat_status": [
              {
                "disabled": false
              }
            ],
            "description": "",
            "dns_config": [],
            "enable_autopilot": false,
            "enable_binary_authorization": false,
            "enable_intranode_visibility": false,
            "enable_k8s_beta_apis": [],
            "enable_kubernetes_alpha": false,
            "enable_l4_ilb_subsetting": false,
            "enable_legacy_abac": false,
            "enable_shielded_nodes": true,
            "enable_tpu": false,
            "endpoint": "34.71.235.229",
            "gateway_api_config": [],
            "id": "projects/wasp-wallet/locations/us-central1-a/clusters/waspwallets-cluster",
            "initial_node_count": 1,
            "ip_allocation_policy": [
              {
                "additional_pod_ranges_config": [],
                "cluster_ipv4_cidr_block": "10.163.0.0/16",
                "cluster_secondary_range_name": "gke-waspwallets-cluster-pods-266c5e7b",
                "pod_cidr_overprovision_config": [
                  {
                    "disabled": false
                  }
                ],
                "services_ipv4_cidr_block": "34.118.224.0/22",
                "services_secondary_range_name": "",
                "stack_type": "IPV4"
              }
            ],
            "label_fingerprint": "a9dc16a7",
            "location": "us-central1-a",
            "logging_config": [
              {
                "enable_components": [
                  "SYSTEM_COMPONENTS",
                  "WORKLOADS"
                ]
              }
            ],
            "logging_service": "logging.googleapis.com/kubernetes",
            "maintenance_policy": [],
            "master_auth": [
              {
                "client_certificate": "",
                "client_certificate_config": [
                  {
                    "issue_client_certificate": false
                  }
                ],
                "client_key": "",
                "cluster_ca_certificate": "LS0tLS1CRUdJTiBDRVJUSUZJQ0FURS0tLS0tCk1JSUVMVENDQXBXZ0F3SUJBZ0lSQUtTRTRoSHNPbWUrVmliNE5RaWFUMUF3RFFZSktvWklodmNOQVFFTEJRQXcKTHpFdE1Dc0dBMVVFQXhNa056QXdaRFV3Wm1ZdE9EQTVaQzAwWVRnNExUazROVGt0WlRJeU9HWTJZV0V6TTJVdwpNQ0FYRFRJME1EZ3hNREUyTkRVME9Gb1lEekl3TlRRd09EQXpNVGMwTlRRNFdqQXZNUzB3S3dZRFZRUURFeVEzCk1EQmtOVEJtWmkwNE1EbGtMVFJoT0RndE9UZzFPUzFsTWpJNFpqWmhZVE16WlRBd2dnR2lNQTBHQ1NxR1NJYjMKRFFFQkFRVUFBNElCandBd2dnR0tBb0lCZ1FEd0drdnhVN05TZENnRkExS01SaStRa2RxMzluQ0RQSmZkeStQMwo4clJPNjlJUkRVS05Ra0J4YmVRZkh2Y3BVS2g3WjJ1ODNZWVBpNFNvUUNoSG1LM2N0TkR0aHBkT2ZrMjFJOTd0CmtaVlZGaDU5Z2VycGdPWmV1TlBtV3plSlhFMi8wa0Y3cndyNVFCNEhIRmFIaVNVaVV0akFCcGt0TStnTUtwdFEKa1ZlRW9LbUhuSktGQkVTVlNYbGR1VU9qWVc2SzlZSk9ISDE5SW9hQUk0L1RRUGNZQTFmTldTSnY0Q25QZXNacgpKNDhlMk9xNWkyRnU3emQ2Z3hhTnppOTZLaU5iaHR0V29hVWtYd1orRHFBYXpkSXNNTHFSRy9sZ2FMRmxMVmZBCmdxMlFGbWRaV1hmODQwWW5RMjJsSGZ3U2J1OEI5aG9MSkJvMGtaQTd2MzlZMjF0emFaSWNoQ09wVDRSNllTaUkKait1bmZkanc1aWtYVXlUQjV6czVNM1ZtanlNK09sazRoVmpLQXAxQUJsMmQvSTRpb0dsWFVpMFB3a3VlcDRxRApiZ0RoWUlobUN6ZVIrd2tWMkZyYUY0bTZZT004eWhBRExEUVBueVlWSDBwRGoxNURBQzdva3JnSmM0aEJ0TmRaCnhZaDhEQmhScklNbGRQWDBaTmlzMVo4YXArMENBd0VBQWFOQ01FQXdEZ1lEVlIwUEFRSC9CQVFEQWdJRU1BOEcKQTFVZEV3RUIvd1FGTUFNQkFmOHdIUVlEVlIwT0JCWUVGRHd3RmhmbS9SckU5K1V3SFB2Umo2aGhRU21pTUEwRwpDU3FHU0liM0RRRUJDd1VBQTRJQmdRQzU0Q3B3cXRSTk4yQ1Q3elVCd0tpemw3Z1pEUWsvSXNIcERaNEpjZXhnCk1XKzdyTWxEb0lrNmRrMk45VVBuR0p0d29JdTZub3BmRFZaT2E0TlZIZmd5Y0l6Zk1RaGZobENYVVRnNVptRXoKMmNKdlpjb2RqVExBVlZ4cXZralFPTTB4bEh6K2FiUFBMU3o0VjZHS2hFRVhNcHVoa0lKcG9sVWR1UFBnV2FYUwpUVEh0cm9vKzBjVTFjVmlxYS9GaWJ6aXVvcEd5eHBaaWt5RlZEV0trZ3BrQ0p3MEdOZGpmQ01MVXd6UGk5UkI2CnpSNVNsaXJieHlaYkt5SGlBaXhOSVA3SEtZelRZRXZDQ2w4ZmtRbTQyKzJ4ZTFqNWJjRGx6UUhnR2RQZ0hMVFUKcFAreUdodUVJMU9ORVJsdnQ0cnFncWhYbjVjdWZNVnJ0WU55bG1JN1JVNHJIbzBSR2t0bEJoYk1aK3RUeGxNYQpoaVhOVUVZdTVhcDQxZHhqbUtmem1Uekk5eFBmZjFBUHdSeTBlM0c3T3dSUEFweU9JMWh5VWVENEdGeFM3YittClZ0SlFMMnVvSXpKU2Jhb01qdXBSYkxUWjU2RXNSOU13RTArYkFSNlRUdkhROXpEWnlBNnQ1WjF1QnRJZ2xVOWcKS3J3ZkdObk1XU1Bua2VJdzRHNjJ1RmM9Ci0tLS0tRU5EIENFUlRJRklDQVRFLS0tLS0K"
              }
            ],
            "master_authorized_networks_config": [],
            "master_version": "1.29.6-gke.1254000",
            "mesh_certificates": [],
            "min_master_version": null,
            "monitoring_config": [
              {
                "advanced_datapath_observability_config": [
                  {
                    "enable_metrics": false,
                    "relay_mode": ""
                  }
                ],
                "enable_components": [
                  "SYSTEM_COMPONENTS",
                  "DEPLOYMENT",
                  "STATEFULSET",
                  "STORAGE",
                  "HPA",
                  "POD",
                  "DAEMONSET",
                  "CADVISOR",
                  "KUBELET"
                ],
                "managed_prometheus": [
                  {
                    "enabled": true
                  }
                ]
              }
            ],
            "monitoring_service": "monitoring.googleapis.com/kubernetes",
            "name": "waspwallets-cluster",
            "network": "projects/wasp-wallet/global/networks/waspwallets-vpc",
            "network_policy": [
              {
                "enabled": false,
                "provider": "PROVIDER_UNSPECIFIED"
              }
            ],
            "networking_mode": "VPC_NATIVE",
            "node_config": [],
            "node_locations": [],
            "node_pool": [],
            "node_pool_auto_config": [],
            "node_pool_defaults": [
              {
                "node_config_defaults": [
                  {
                    "logging_variant": "DEFAULT"
                  }
                ]
              }
            ],
            "node_version": "1.29.6-gke.1254000",
            "notification_config": [
              {
                "pubsub": [
                  {
                    "enabled": false,
                    "filter": [],
                    "topic": ""
                  }
                ]
              }
            ],
            "operation": null,
            "private_cluster_config": [
              {
                "enable_private_endpoint": false,
                "enable_private_nodes": true,
                "master_global_access_config": [
                  {
                    "enabled": false
                  }
                ],
                "master_ipv4_cidr_block": "172.16.0.0/28",
                "peering_name": "",
                "private_endpoint": "172.16.0.2",
                "private_endpoint_subnetwork": "",
                "public_endpoint": "34.71.235.229"
              }
            ],
            "private_ipv6_google_access": "",
            "project": "wasp-wallet",
            "release_channel": [
              {
                "channel": "REGULAR"
              }
            ],
            "remove_default_node_pool": true,
            "resource_labels": {},
            "resource_usage_export_config": [],
            "security_posture_config": [
              {
                "mode": "BASIC",
                "vulnerability_mode": "VULNERABILITY_MODE_UNSPECIFIED"
              }
            ],
            "self_link": "https://container.googleapis.com/v1/projects/wasp-wallet/zones/us-central1-a/clusters/waspwallets-cluster",
            "service_external_ips_config": [
              {
                "enabled": false
              }
            ],
            "services_ipv4_cidr": "34.118.224.0/22",
            "subnetwork": "projects/wasp-wallet/regions/us-central1/subnetworks/waspwallets-subnet",
            "timeouts": null,
            "tpu_ipv4_cidr_block": "",
            "vertical_pod_autoscaling": [],
            "workload_identity_config": [
              {
                "workload_pool": "wasp-wallet.svc.id.goog"
              }
            ]
          },
          "sensitive_attributes": [],
          "private": "eyJlMmJmYjczMC1lY2FhLTExZTYtOGY4OC0zNDM2M2JjN2M0YzAiOnsiY3JlYXRlIjoyNDAwMDAwMDAwMDAwLCJkZWxldGUiOjI0MDAwMDAwMDAwMDAsInJlYWQiOjI0MDAwMDAwMDAwMDAsInVwZGF0ZSI6MzYwMDAwMDAwMDAwMH0sInNjaGVtYV92ZXJzaW9uIjoiMSJ9",
          "dependencies": [
            "google_compute_network.vpc_network",
            "google_compute_subnetwork.subnet"
          ]
        }
      ]
    },
    {
      "mode": "managed",
      "type": "google_container_node_pool",
      "name": "primary_nodes",
      "provider": "provider[\"registry.terraform.io/hashicorp/google\"]",
      "instances": [
        {
          "schema_version": 1,
          "attributes": {
            "autoscaling": [],
            "cluster": "waspwallets-cluster",
            "id": "projects/wasp-wallet/locations/us-central1-a/clusters/waspwallets-cluster/nodePools/waspwallets-node-pool",
            "initial_node_count": 2,
            "instance_group_urls": [
              "https://www.googleapis.com/compute/v1/projects/wasp-wallet/zones/us-central1-a/instanceGroupManagers/gke-waspwallets-clus-waspwallets-node-58b835ac-grp"
            ],
            "location": "us-central1-a",
            "managed_instance_group_urls": [
              "https://www.googleapis.com/compute/v1/projects/wasp-wallet/zones/us-central1-a/instanceGroups/gke-waspwallets-clus-waspwallets-node-58b835ac-grp"
            ],
            "management": [
              {
                "auto_repair": true,
                "auto_upgrade": true
              }
            ],
            "max_pods_per_node": 110,
            "name": "waspwallets-node-pool",
            "name_prefix": "",
            "network_config": [
              {
                "create_pod_range": false,
                "enable_private_nodes": true,
                "pod_cidr_overprovision_config": [],
                "pod_ipv4_cidr_block": "10.163.0.0/16",
                "pod_range": "gke-waspwallets-cluster-pods-266c5e7b"
              }
            ],
            "node_config": [
              {
                "advanced_machine_features": [],
                "boot_disk_kms_key": "",
                "confidential_nodes": [],
                "disk_size_gb": 50,
                "disk_type": "pd-balanced",
                "ephemeral_storage_local_ssd_config": [],
                "fast_socket": [],
                "gcfs_config": [],
                "guest_accelerator": [],
                "gvnic": [],
                "host_maintenance_policy": [],
                "image_type": "COS_CONTAINERD",
                "kubelet_config": [],
                "labels": {},
                "linux_node_config": [],
                "local_nvme_ssd_block_config": [],
                "local_ssd_count": 0,
                "logging_variant": "DEFAULT",
                "machine_type": "e2-medium",
                "metadata": {
                  "disable-legacy-endpoints": "true"
                },
                "min_cpu_platform": "",
                "node_group": "",
                "oauth_scopes": [
                  "https://www.googleapis.com/auth/cloud-platform"
                ],
                "preemptible": false,
                "reservation_affinity": [],
                "resource_labels": null,
                "service_account": "default",
                "shielded_instance_config": [
                  {
                    "enable_integrity_monitoring": true,
                    "enable_secure_boot": false
                  }
                ],
                "sole_tenant_config": [],
                "spot": false,
                "tags": null,
                "taint": [],
                "workload_metadata_config": [
                  {
                    "mode": "GKE_METADATA"
                  }
                ]
              }
            ],
            "node_count": 2,
            "node_locations": [
              "us-central1-a"
            ],
            "operation": null,
            "placement_policy": [],
            "project": "wasp-wallet",
            "timeouts": null,
            "upgrade_settings": [
              {
                "blue_green_settings": [],
                "max_surge": 1,
                "max_unavailable": 0,
                "strategy": "SURGE"
              }
            ],
            "version": "1.29.6-gke.1254000"
          },
          "sensitive_attributes": [],
          "private": "eyJlMmJmYjczMC1lY2FhLTExZTYtOGY4OC0zNDM2M2JjN2M0YzAiOnsiY3JlYXRlIjoxODAwMDAwMDAwMDAwLCJkZWxldGUiOjE4MDAwMDAwMDAwMDAsInVwZGF0ZSI6MTgwMDAwMDAwMDAwMH0sInNjaGVtYV92ZXJzaW9uIjoiMSJ9",
          "dependencies": [
            "google_compute_network.vpc_network",
            "google_compute_subnetwork.subnet",
            "google_container_cluster.waspwallets_cluster"
          ]
        }
      ]
    }
  ],
  "check_results": null
}
